{
	"name": "module-1",
	"version": "0.0.7",
	"lockfileVersion": 2,
	"requires": true,
	"packages": {
		"": {
			"name": "module-1",
			"version": "1.0.0",
			"license": "ISC",
			"dependencies": {
				"dt-utils-js": "0.0.1"
			}
		},
		"node_modules/@types/node": {
			"version": "14.18.12",
			"resolved": "https://registry.npmjs.org/@types/node/-/node-14.18.12.tgz",
			"integrity": "sha512-q4jlIR71hUpWTnGhXWcakgkZeHa3CCjcQcnuzU8M891BAWA2jHiziiWEPEkdS5pFsz7H9HJiy8BrK7tBRNrY7A=="
		},
		"node_modules/dt-utils-js": {
			"version": "0.0.1",
			"resolved": "https://registry.npmjs.org/dt-utils-js/-/dt-utils-js-0.0.1.tgz",
			"integrity": "sha512-YXkUKDl9uzu5N/5K722zmildFzzX3X12sUK3uMozfFSTfi6xRD0p1VRYX56IQ0fwL6Iyqv7eLlzE/sSMuNeYaA==",
			"dependencies": {
				"@types/node": "^14.0.22",
				"tslib": "^2.0.0"
			}
		},
		"node_modules/tslib": {
			"version": "2.3.1",
			"resolved": "https://registry.npmjs.org/tslib/-/tslib-2.3.1.tgz",
			"integrity": "sha512-77EbyPPpMz+FRFRuAFlWMtmgUWGe9UOG2Z25NqCwiIjRhOf5iKGuzSe5P2w1laq+FkRy4p+PCuVkJSGkzTEKVw=="
		}
	},
	"dependencies": {
		"@types/node": {
			"version": "14.18.12",
			"resolved": "https://registry.npmjs.org/@types/node/-/node-14.18.12.tgz",
			"integrity": "sha512-q4jlIR71hUpWTnGhXWcakgkZeHa3CCjcQcnuzU8M891BAWA2jHiziiWEPEkdS5pFsz7H9HJiy8BrK7tBRNrY7A=="
		},
		"dt-utils-js": {
			"version": "0.0.1",
			"resolved": "https://registry.npmjs.org/dt-utils-js/-/dt-utils-js-0.0.1.tgz",
			"integrity": "sha512-YXkUKDl9uzu5N/5K722zmildFzzX3X12sUK3uMozfFSTfi6xRD0p1VRYX56IQ0fwL6Iyqv7eLlzE/sSMuNeYaA==",
			"requires": {
				"@types/node": "^14.0.22",
				"tslib": "^2.0.0"
			}
		},
		"tslib": {
			"version": "2.3.1",
			"resolved": "https://registry.npmjs.org/tslib/-/tslib-2.3.1.tgz",
			"integrity": "sha512-77EbyPPpMz+FRFRuAFlWMtmgUWGe9UOG2Z25NqCwiIjRhOf5iKGuzSe5P2w1laq+FkRy4p+PCuVkJSGkzTEKVw=="
		}
	}
}
